{
  "name": "@opencoven/open-meow-sdk",
  "version": "0.0.0",
  "lockfileVersion": 3,
  "requires": true,
  "packages": {
    "": {
      "name": "@opencoven/open-meow-sdk",
      "version": "0.0.0",
      "peerDependencies": {
        "@openclaw/sdk": ">=0.0.0"
      },
      "peerDependenciesMeta": {
        "@openclaw/sdk": {
          "optional": true
        }
      }
    }
  }
}
